{
  "name": "elevate-fit-rdf-aggregator",
  "version": "0.1.0",
  "lockfileVersion": 3,
  "requires": true,
  "packages": {
    "": {
      "name": "elevate-fit-rdf-aggregator",
      "version": "0.1.0",
      "dependencies": {
        "@elevate/shared": "file:../appcore/modules/shared"
      }
    },
    "../appcore/modules/shared": {
      "name": "@elevate/shared"
    },
    "node_modules/@elevate/shared": {
      "resolved": "../appcore/modules/shared",
      "link": true
    }
  }
}
